
Microsoft Visual Studio Solution File, Format Version 12.00
# Visual Studio Version 17
VisualStudioVersion = 17.4.33205.214
MinimumVisualStudioVersion = 10.0.40219.1
Project("{888888A0-9F3D-457C-B088-3A5042F75D52}") = "LauncherZ", "LauncherZ.pyproj", "{30993A50-B368-486A-9328-CE969E5EEAFB}"
EndProject
Global
	GlobalSection(SolutionConfigurationPlatforms) = preSolution
		Debug|Any CPU = Debug|Any CPU
		Release|Any CPU = Release|Any CPU
	EndGlobalSection
	GlobalSection(ProjectConfigurationPlatforms) = postSolution
		{30993A50-B368-486A-9328-CE969E5EEAFB}.Debug|Any CPU.ActiveCfg = Debug|Any CPU
		{30993A50-B368-486A-9328-CE969E5EEAFB}.Release|Any CPU.ActiveCfg = Release|Any CPU
	EndGlobalSection
	GlobalSection(SolutionProperties) = preSolution
		HideSolutionNode = FALSE
	EndGlobalSection
	GlobalSection(ExtensibilityGlobals) = postSolution
		SolutionGuid = {76E70C0D-35E6-4CAE-B428-DDD7918B8042}
	EndGlobalSection
EndGlobal
